
Microsoft Visual Studio Solution File, Format Version 12.00
# Visual Studio Version 17
VisualStudioVersion = 17.7.34221.43
MinimumVisualStudioVersion = 10.0.40219.1
Project("{FAE04EC0-301F-11D3-BF4B-00C04F79EFBC}") = "Assigment", "Assigment.csproj", "{0226B58D-75C6-43F3-9F68-EA2B791253F1}"
EndProject
Global
	GlobalSection(SolutionConfigurationPlatforms) = preSolution
		Debug|Any CPU = Debug|Any CPU
		Release|Any CPU = Release|Any CPU
	EndGlobalSection
	GlobalSection(ProjectConfigurationPlatforms) = postSolution
		{0226B58D-75C6-43F3-9F68-EA2B791253F1}.Debug|Any CPU.ActiveCfg = Debug|Any CPU
		{0226B58D-75C6-43F3-9F68-EA2B791253F1}.Debug|Any CPU.Build.0 = Debug|Any CPU
		{0226B58D-75C6-43F3-9F68-EA2B791253F1}.Release|Any CPU.ActiveCfg = Release|Any CPU
		{0226B58D-75C6-43F3-9F68-EA2B791253F1}.Release|Any CPU.Build.0 = Release|Any CPU
	EndGlobalSection
	GlobalSection(SolutionProperties) = preSolution
		HideSolutionNode = FALSE
	EndGlobalSection
	GlobalSection(ExtensibilityGlobals) = postSolution
		SolutionGuid = {EB1D10FA-2167-4FA2-8C2F-5BE2A24C2F43}
	EndGlobalSection
EndGlobal
